
Microsoft Visual Studio Solution File, Format Version 12.00
# Visual Studio Version 16
VisualStudioVersion = 16.0.30204.135
MinimumVisualStudioVersion = 10.0.40219.1
Project("{FAE04EC0-301F-11D3-BF4B-00C04F79EFBC}") = "TransporteTomasini", "TransporteTomasini\TransporteTomasini.csproj", "{7ED3279F-B806-4245-A9E1-5E583D37B5C0}"
EndProject
Global
	GlobalSection(SolutionConfigurationPlatforms) = preSolution
		Debug|Any CPU = Debug|Any CPU
		Release|Any CPU = Release|Any CPU
	EndGlobalSection
	GlobalSection(ProjectConfigurationPlatforms) = postSolution
		{7ED3279F-B806-4245-A9E1-5E583D37B5C0}.Debug|Any CPU.ActiveCfg = Debug|Any CPU
		{7ED3279F-B806-4245-A9E1-5E583D37B5C0}.Debug|Any CPU.Build.0 = Debug|Any CPU
		{7ED3279F-B806-4245-A9E1-5E583D37B5C0}.Release|Any CPU.ActiveCfg = Release|Any CPU
		{7ED3279F-B806-4245-A9E1-5E583D37B5C0}.Release|Any CPU.Build.0 = Release|Any CPU
	EndGlobalSection
	GlobalSection(SolutionProperties) = preSolution
		HideSolutionNode = FALSE
	EndGlobalSection
	GlobalSection(ExtensibilityGlobals) = postSolution
		SolutionGuid = {327242DB-B269-4E8F-81E8-FFEB0AC1FECD}
	EndGlobalSection
EndGlobal
